
Microsoft Visual Studio Solution File, Format Version 12.00
# Visual Studio Version 17
VisualStudioVersion = 17.5.33627.172
MinimumVisualStudioVersion = 10.0.40219.1
Project("{8BC9CEB8-8B4A-11D0-8D11-00A0C91BC942}") = "ZoomState", "ZoomState\ZoomState.vcxproj", "{FEC29A2A-D52B-404C-A6DC-D97CCD340399}"
EndProject
Global
	GlobalSection(SolutionConfigurationPlatforms) = preSolution
		Debug|x86 = Debug|x86
		Release|x86 = Release|x86
	EndGlobalSection
	GlobalSection(ProjectConfigurationPlatforms) = postSolution
		{FEC29A2A-D52B-404C-A6DC-D97CCD340399}.Debug|x86.ActiveCfg = Debug|Win32
		{FEC29A2A-D52B-404C-A6DC-D97CCD340399}.Debug|x86.Build.0 = Debug|Win32
		{FEC29A2A-D52B-404C-A6DC-D97CCD340399}.Release|x86.ActiveCfg = Release|Win32
		{FEC29A2A-D52B-404C-A6DC-D97CCD340399}.Release|x86.Build.0 = Release|Win32
	EndGlobalSection
	GlobalSection(SolutionProperties) = preSolution
		HideSolutionNode = FALSE
	EndGlobalSection
	GlobalSection(ExtensibilityGlobals) = postSolution
		SolutionGuid = {48ACB74A-8544-4FB2-A14A-60C7E4D2ED06}
	EndGlobalSection
EndGlobal
